PODS:
  - JXPageControl (0.1.3):
    - JXPageControl/Common (= 0.1.3)
    - JXPageControl/Jump (= 0.1.3)
    - JXPageControl/Transform (= 0.1.3)
  - JXPageControl/Common (0.1.3)
  - JXPageControl/Jump (0.1.3):
    - JXPageControl/Common
  - JXPageControl/Transform (0.1.3):
    - JXPageControl/Common
  - SnapKit (5.0.1)
  - SwiftGuideView (0.1.0):
    - JXPageControl
    - SnapKit
    - SwiftPageView
  - SwiftPageView (0.1.0)

DEPENDENCIES:
  - JXPageControl
  - SnapKit
  - SwiftGuideView (from `../`)
  - SwiftPageView

SPEC REPOS:
  trunk:
    - JXPageControl
    - SnapKit
    - SwiftPageView

EXTERNAL SOURCES:
  SwiftGuideView:
    :path: "../"

SPEC CHECKSUMS:
  JXPageControl: eea52838699a4949063e600b25eb9e8b6e20ae3f
  SnapKit: 97b92857e3df3a0c71833cce143274bf6ef8e5eb
  SwiftGuideView: 007f06db81397afca77ec21fac3e255fd6081aca
  SwiftPageView: 91cfbf627474e911110eba43679b395362d1139b

PODFILE CHECKSUM: 5bf6d9c898ff0f874d8ac90917441d2e5e94d1f2

COCOAPODS: 1.10.0.rc.1
