PODS:
  - SnapKit (5.6.0)
  - SwiftGuideView (0.8.1):
    - SnapKit
    - SwiftPageView
  - SwiftPageView (0.9.0)

DEPENDENCIES:
  - SnapKit
  - SwiftGuideView (from `../`)
  - SwiftPageView

SPEC REPOS:
  trunk:
    - SnapKit
    - SwiftPageView

EXTERNAL SOURCES:
  SwiftGuideView:
    :path: "../"

SPEC CHECKSUMS:
  SnapKit: e01d52ebb8ddbc333eefe2132acf85c8227d9c25
  SwiftGuideView: 4bea1ea1047b136a5a2c6ba386be4545c36de760
  SwiftPageView: 93565d3f5c770366547b0bf9b1cd77122a7fb1ea

PODFILE CHECKSUM: efea913b722ef5efb6d4149d6d654df7b43fb789

COCOAPODS: 1.11.3
